
Microsoft Visual Studio Solution File, Format Version 12.00
# Visual Studio Version 16
VisualStudioVersion = 16.0.34601.136
MinimumVisualStudioVersion = 10.0.40219.1
Project("{9A19103F-16F7-4668-BE54-9A1E7A4F7556}") = "EF_Registration", "EF_Registration\EF_Registration.csproj", "{83615195-9C4D-4E98-94A9-095003CEB6E0}"
EndProject
Project("{FAE04EC0-301F-11D3-BF4B-00C04F79EFBC}") = "ProjectManagement", "ProjectManagement\ProjectManagement.csproj", "{A9C601B4-3C4B-4245-8E09-BE513DBF12DD}"
EndProject
Global
	GlobalSection(SolutionConfigurationPlatforms) = preSolution
		Debug|Any CPU = Debug|Any CPU
		Release|Any CPU = Release|Any CPU
	EndGlobalSection
	GlobalSection(ProjectConfigurationPlatforms) = postSolution
		{83615195-9C4D-4E98-94A9-095003CEB6E0}.Debug|Any CPU.ActiveCfg = Debug|Any CPU
		{83615195-9C4D-4E98-94A9-095003CEB6E0}.Debug|Any CPU.Build.0 = Debug|Any CPU
		{83615195-9C4D-4E98-94A9-095003CEB6E0}.Release|Any CPU.ActiveCfg = Release|Any CPU
		{83615195-9C4D-4E98-94A9-095003CEB6E0}.Release|Any CPU.Build.0 = Release|Any CPU
		{A9C601B4-3C4B-4245-8E09-BE513DBF12DD}.Debug|Any CPU.ActiveCfg = Debug|Any CPU
		{A9C601B4-3C4B-4245-8E09-BE513DBF12DD}.Debug|Any CPU.Build.0 = Debug|Any CPU
		{A9C601B4-3C4B-4245-8E09-BE513DBF12DD}.Release|Any CPU.ActiveCfg = Release|Any CPU
		{A9C601B4-3C4B-4245-8E09-BE513DBF12DD}.Release|Any CPU.Build.0 = Release|Any CPU
	EndGlobalSection
	GlobalSection(SolutionProperties) = preSolution
		HideSolutionNode = FALSE
	EndGlobalSection
	GlobalSection(ExtensibilityGlobals) = postSolution
		SolutionGuid = {07E4475F-701C-4040-9668-DF61F9A17665}
	EndGlobalSection
EndGlobal
